schema: '2.0'
stages:
  data_collection:
    cmd: python ./src/data_collection.py
    deps:
    - path: ./src/data_collection.py
      hash: md5
      md5: 7b965d067cd97b8395dc4efd3031344d
      size: 1684
    outs:
    - path: /home/hababi/data/raw
      hash: md5
      md5: b0c81cb20d6ddff83808f39c9da189ce.dir
      size: 166779364
      nfiles: 2
  data_preparation:
    cmd: python ./src/data_preparation.py
    deps:
    - path: ./src/data_preparation.py
      hash: md5
      md5: d1f6f1b96a65e971d681b295e99e620c
      size: 2941
    outs:
    - path: /home/hababi/data/processed
      hash: md5
      md5: 26787cb3055217d3910a5341288931f2.dir
      size: 148658899
      nfiles: 2
  model_building:
    cmd: python ./src/model_building.py
    deps:
    - path: ./src/model_building.py
      hash: md5
      md5: 3bffdce006b5957f13446e06a72664fb
      size: 6824
    - path: /home/hababi/data/processed
      hash: md5
      md5: 26787cb3055217d3910a5341288931f2.dir
      size: 148658899
      nfiles: 2
